
Microsoft Visual Studio Solution File, Format Version 12.00
# Visual Studio Version 17
VisualStudioVersion = 17.6.33815.320
MinimumVisualStudioVersion = 10.0.40219.1
Project("{FAE04EC0-301F-11D3-BF4B-00C04F79EFBC}") = "ZooDvijuha", "ZooDvijuha\ZooDvijuha.csproj", "{29BC9794-D3A2-4140-A36B-9228FFB0B089}"
EndProject
Global
	GlobalSection(SolutionConfigurationPlatforms) = preSolution
		Debug|Any CPU = Debug|Any CPU
		Release|Any CPU = Release|Any CPU
	EndGlobalSection
	GlobalSection(ProjectConfigurationPlatforms) = postSolution
		{29BC9794-D3A2-4140-A36B-9228FFB0B089}.Debug|Any CPU.ActiveCfg = Debug|Any CPU
		{29BC9794-D3A2-4140-A36B-9228FFB0B089}.Debug|Any CPU.Build.0 = Debug|Any CPU
		{29BC9794-D3A2-4140-A36B-9228FFB0B089}.Release|Any CPU.ActiveCfg = Release|Any CPU
		{29BC9794-D3A2-4140-A36B-9228FFB0B089}.Release|Any CPU.Build.0 = Release|Any CPU
	EndGlobalSection
	GlobalSection(SolutionProperties) = preSolution
		HideSolutionNode = FALSE
	EndGlobalSection
	GlobalSection(ExtensibilityGlobals) = postSolution
		SolutionGuid = {2FF95510-2D70-47F8-96B7-FFE762CC649E}
	EndGlobalSection
EndGlobal
